
Microsoft Visual Studio Solution File, Format Version 12.00
# Visual Studio 15
VisualStudioVersion = 15.0.27130.2010
MinimumVisualStudioVersion = 10.0.40219.1
Project("{FAE04EC0-301F-11D3-BF4B-00C04F79EFBC}") = "Read_N_write", "Read_N_write\Read_N_write.csproj", "{3FB17F2C-7975-4878-BCF7-A73C3B5F70CC}"
EndProject
Global
	GlobalSection(SolutionConfigurationPlatforms) = preSolution
		Debug|Any CPU = Debug|Any CPU
		Release|Any CPU = Release|Any CPU
	EndGlobalSection
	GlobalSection(ProjectConfigurationPlatforms) = postSolution
		{3FB17F2C-7975-4878-BCF7-A73C3B5F70CC}.Debug|Any CPU.ActiveCfg = Debug|Any CPU
		{3FB17F2C-7975-4878-BCF7-A73C3B5F70CC}.Debug|Any CPU.Build.0 = Debug|Any CPU
		{3FB17F2C-7975-4878-BCF7-A73C3B5F70CC}.Release|Any CPU.ActiveCfg = Release|Any CPU
		{3FB17F2C-7975-4878-BCF7-A73C3B5F70CC}.Release|Any CPU.Build.0 = Release|Any CPU
	EndGlobalSection
	GlobalSection(SolutionProperties) = preSolution
		HideSolutionNode = FALSE
	EndGlobalSection
	GlobalSection(ExtensibilityGlobals) = postSolution
		SolutionGuid = {FF41704A-3F83-46E7-A435-730DA41902FB}
	EndGlobalSection
EndGlobal
